
Microsoft Visual Studio Solution File, Format Version 12.00
# Visual Studio Version 17
VisualStudioVersion = 17.11.35303.130
MinimumVisualStudioVersion = 10.0.40219.1
Project("{FAE04EC0-301F-11D3-BF4B-00C04F79EFBC}") = "WebApp", "WebApp\WebApp.csproj", "{81856E61-0772-4ADE-B06C-D390CF78209E}"
EndProject
Project("{FAE04EC0-301F-11D3-BF4B-00C04F79EFBC}") = "DatatAccess", "DatatAccess\DatatAccess.csproj", "{AE48E04E-F466-40DE-99CC-8E8E917B64CC}"
EndProject
Project("{FAE04EC0-301F-11D3-BF4B-00C04F79EFBC}") = "Service", "Service\Service.csproj", "{613507EA-D12F-4219-A582-64E23D8BA95F}"
EndProject
Project("{FAE04EC0-301F-11D3-BF4B-00C04F79EFBC}") = "Test", "Test\Test.csproj", "{58FB0CDA-5935-4167-BFC3-A7292BBC2973}"
EndProject
Global
	GlobalSection(SolutionConfigurationPlatforms) = preSolution
		Debug|Any CPU = Debug|Any CPU
		Release|Any CPU = Release|Any CPU
	EndGlobalSection
	GlobalSection(ProjectConfigurationPlatforms) = postSolution
		{81856E61-0772-4ADE-B06C-D390CF78209E}.Debug|Any CPU.ActiveCfg = Debug|Any CPU
		{81856E61-0772-4ADE-B06C-D390CF78209E}.Debug|Any CPU.Build.0 = Debug|Any CPU
		{81856E61-0772-4ADE-B06C-D390CF78209E}.Release|Any CPU.ActiveCfg = Release|Any CPU
		{81856E61-0772-4ADE-B06C-D390CF78209E}.Release|Any CPU.Build.0 = Release|Any CPU
		{AE48E04E-F466-40DE-99CC-8E8E917B64CC}.Debug|Any CPU.ActiveCfg = Debug|Any CPU
		{AE48E04E-F466-40DE-99CC-8E8E917B64CC}.Debug|Any CPU.Build.0 = Debug|Any CPU
		{AE48E04E-F466-40DE-99CC-8E8E917B64CC}.Release|Any CPU.ActiveCfg = Release|Any CPU
		{AE48E04E-F466-40DE-99CC-8E8E917B64CC}.Release|Any CPU.Build.0 = Release|Any CPU
		{613507EA-D12F-4219-A582-64E23D8BA95F}.Debug|Any CPU.ActiveCfg = Debug|Any CPU
		{613507EA-D12F-4219-A582-64E23D8BA95F}.Debug|Any CPU.Build.0 = Debug|Any CPU
		{613507EA-D12F-4219-A582-64E23D8BA95F}.Release|Any CPU.ActiveCfg = Release|Any CPU
		{613507EA-D12F-4219-A582-64E23D8BA95F}.Release|Any CPU.Build.0 = Release|Any CPU
		{58FB0CDA-5935-4167-BFC3-A7292BBC2973}.Debug|Any CPU.ActiveCfg = Debug|Any CPU
		{58FB0CDA-5935-4167-BFC3-A7292BBC2973}.Debug|Any CPU.Build.0 = Debug|Any CPU
		{58FB0CDA-5935-4167-BFC3-A7292BBC2973}.Release|Any CPU.ActiveCfg = Release|Any CPU
		{58FB0CDA-5935-4167-BFC3-A7292BBC2973}.Release|Any CPU.Build.0 = Release|Any CPU
	EndGlobalSection
	GlobalSection(SolutionProperties) = preSolution
		HideSolutionNode = FALSE
	EndGlobalSection
	GlobalSection(ExtensibilityGlobals) = postSolution
		SolutionGuid = {20F0008E-2964-4C89-B62B-DEBF679168BD}
	EndGlobalSection
EndGlobal
